
Microsoft Visual Studio Solution File, Format Version 12.00
# Visual Studio Version 16
VisualStudioVersion = 16.0.31025.194
MinimumVisualStudioVersion = 10.0.40219.1
Project("{FAE04EC0-301F-11D3-BF4B-00C04F79EFBC}") = "An181203458", "An181203458\An181203458.csproj", "{143E1698-4A98-4CF2-9A1A-73C897008DE0}"
EndProject
Global
	GlobalSection(SolutionConfigurationPlatforms) = preSolution
		Debug|Any CPU = Debug|Any CPU
		Release|Any CPU = Release|Any CPU
	EndGlobalSection
	GlobalSection(ProjectConfigurationPlatforms) = postSolution
		{143E1698-4A98-4CF2-9A1A-73C897008DE0}.Debug|Any CPU.ActiveCfg = Debug|Any CPU
		{143E1698-4A98-4CF2-9A1A-73C897008DE0}.Debug|Any CPU.Build.0 = Debug|Any CPU
		{143E1698-4A98-4CF2-9A1A-73C897008DE0}.Release|Any CPU.ActiveCfg = Release|Any CPU
		{143E1698-4A98-4CF2-9A1A-73C897008DE0}.Release|Any CPU.Build.0 = Release|Any CPU
	EndGlobalSection
	GlobalSection(SolutionProperties) = preSolution
		HideSolutionNode = FALSE
	EndGlobalSection
	GlobalSection(ExtensibilityGlobals) = postSolution
		SolutionGuid = {1244AFC4-9B2A-4903-9AF6-E6CA8533F6C7}
	EndGlobalSection
EndGlobal
